
Microsoft Visual Studio Solution File, Format Version 12.00
# Visual Studio Version 17
VisualStudioVersion = 17.8.34309.116
MinimumVisualStudioVersion = 10.0.40219.1
Project("{FAE04EC0-301F-11D3-BF4B-00C04F79EFBC}") = "SMS", "SMS\SMS.csproj", "{DC0DDA31-D518-4AD2-A9C5-A79E19D7EF57}"
EndProject
Global
	GlobalSection(SolutionConfigurationPlatforms) = preSolution
		Debug|Any CPU = Debug|Any CPU
		Release|Any CPU = Release|Any CPU
	EndGlobalSection
	GlobalSection(ProjectConfigurationPlatforms) = postSolution
		{DC0DDA31-D518-4AD2-A9C5-A79E19D7EF57}.Debug|Any CPU.ActiveCfg = Debug|Any CPU
		{DC0DDA31-D518-4AD2-A9C5-A79E19D7EF57}.Debug|Any CPU.Build.0 = Debug|Any CPU
		{DC0DDA31-D518-4AD2-A9C5-A79E19D7EF57}.Release|Any CPU.ActiveCfg = Release|Any CPU
		{DC0DDA31-D518-4AD2-A9C5-A79E19D7EF57}.Release|Any CPU.Build.0 = Release|Any CPU
	EndGlobalSection
	GlobalSection(SolutionProperties) = preSolution
		HideSolutionNode = FALSE
	EndGlobalSection
	GlobalSection(ExtensibilityGlobals) = postSolution
		SolutionGuid = {7703F2C8-02EB-427C-9E39-42E9A70C76FD}
	EndGlobalSection
EndGlobal
